Microsoft Visual Studio Solution File, Format Version 12.00
# Visual Studio Version 17
VisualStudioVersion = 17.0.31919.166
MinimumVisualStudioVersion = 10.0.40219.1
Project("{9A19103F-16F7-4668-BE54-9A1E7A4F7556}") = "DietitianClinic.API", "src\DietitianClinic.API\DietitianClinic.API.csproj", "{8C3B5B5A-8E3F-4B5C-8D3A-5E8F3B5C8D3A}"
EndProject
Project("{9A19103F-16F7-4668-BE54-9A1E7A4F7556}") = "DietitianClinic.Business", "src\DietitianClinic.Business\DietitianClinic.Business.csproj", "{7B2A4A4A-7D2F-3B4A-7C2A-4D7F2A3B4C5A}"
EndProject
Project("{9A19103F-16F7-4668-BE54-9A1E7A4F7556}") = "DietitianClinic.DataAccess", "src\DietitianClinic.DataAccess\DietitianClinic.DataAccess.csproj", "{6A1B3B3A-6C1F-2B3A-6B1A-3C6F1B2A3B4A}"
EndProject
Project("{9A19103F-16F7-4668-BE54-9A1E7A4F7556}") = "DietitianClinic.Entity", "src\DietitianClinic.Entity\DietitianClinic.Entity.csproj", "{5A0A2B2A-5B0F-1B2A-5A0A-2B5F0B1A2B3A}"
EndProject
Global
	GlobalSection(SolutionConfigurationPlatforms) = preSolution
		Debug|Any CPU = Debug|Any CPU
		Release|Any CPU = Release|Any CPU
	EndGlobalSection
	GlobalSection(ProjectConfigurationPlatforms) = postSolution
		{8C3B5B5A-8E3F-4B5C-8D3A-5E8F3B5C8D3A}.Debug|Any CPU.ActiveCfg = Debug|Any CPU
		{8C3B5B5A-8E3F-4B5C-8D3A-5E8F3B5C8D3A}.Debug|Any CPU.Build.0 = Debug|Any CPU
		{8C3B5B5A-8E3F-4B5C-8D3A-5E8F3B5C8D3A}.Release|Any CPU.ActiveCfg = Release|Any CPU
		{8C3B5B5A-8E3F-4B5C-8D3A-5E8F3B5C8D3A}.Release|Any CPU.Build.0 = Release|Any CPU
		{7B2A4A4A-7D2F-3B4A-7C2A-4D7F2A3B4C5A}.Debug|Any CPU.ActiveCfg = Debug|Any CPU
		{7B2A4A4A-7D2F-3B4A-7C2A-4D7F2A3B4C5A}.Debug|Any CPU.Build.0 = Debug|Any CPU
		{7B2A4A4A-7D2F-3B4A-7C2A-4D7F2A3B4C5A}.Release|Any CPU.ActiveCfg = Release|Any CPU
		{7B2A4A4A-7D2F-3B4A-7C2A-4D7F2A3B4C5A}.Release|Any CPU.Build.0 = Release|Any CPU
		{6A1B3B3A-6C1F-2B3A-6B1A-3C6F1B2A3B4A}.Debug|Any CPU.ActiveCfg = Debug|Any CPU
		{6A1B3B3A-6C1F-2B3A-6B1A-3C6F1B2A3B4A}.Debug|Any CPU.Build.0 = Debug|Any CPU
		{6A1B3B3A-6C1F-2B3A-6B1A-3C6F1B2A3B4A}.Release|Any CPU.ActiveCfg = Release|Any CPU
		{6A1B3B3A-6C1F-2B3A-6B1A-3C6F1B2A3B4A}.Release|Any CPU.Build.0 = Release|Any CPU
		{5A0A2B2A-5B0F-1B2A-5A0A-2B5F0B1A2B3A}.Debug|Any CPU.ActiveCfg = Debug|Any CPU
		{5A0A2B2A-5B0F-1B2A-5A0A-2B5F0B1A2B3A}.Debug|Any CPU.Build.0 = Debug|Any CPU
		{5A0A2B2A-5B0F-1B2A-5A0A-2B5F0B1A2B3A}.Release|Any CPU.ActiveCfg = Release|Any CPU
		{5A0A2B2A-5B0F-1B2A-5A0A-2B5F0B1A2B3A}.Release|Any CPU.Build0 = Release|Any CPU
	EndGlobalSection
EndGlobal
